
Microsoft Visual Studio Solution File, Format Version 12.00
# Visual Studio Version 17
VisualStudioVersion = 17.2.32526.322
MinimumVisualStudioVersion = 10.0.40219.1
Project("{FAE04EC0-301F-11D3-BF4B-00C04F79EFBC}") = "stockTrackingSystem", "stockTrackingSystem\stockTrackingSystem.csproj", "{354CD464-163E-40DA-8653-3C1803133C63}"
EndProject
Global
	GlobalSection(SolutionConfigurationPlatforms) = preSolution
		Debug|Any CPU = Debug|Any CPU
		Release|Any CPU = Release|Any CPU
	EndGlobalSection
	GlobalSection(ProjectConfigurationPlatforms) = postSolution
		{354CD464-163E-40DA-8653-3C1803133C63}.Debug|Any CPU.ActiveCfg = Debug|Any CPU
		{354CD464-163E-40DA-8653-3C1803133C63}.Debug|Any CPU.Build.0 = Debug|Any CPU
		{354CD464-163E-40DA-8653-3C1803133C63}.Release|Any CPU.ActiveCfg = Release|Any CPU
		{354CD464-163E-40DA-8653-3C1803133C63}.Release|Any CPU.Build.0 = Release|Any CPU
	EndGlobalSection
	GlobalSection(SolutionProperties) = preSolution
		HideSolutionNode = FALSE
	EndGlobalSection
	GlobalSection(ExtensibilityGlobals) = postSolution
		SolutionGuid = {6EE42CBB-1593-4259-8623-87B058735158}
	EndGlobalSection
EndGlobal
